
Microsoft Visual Studio Solution File, Format Version 12.00
# Visual Studio Version 17
VisualStudioVersion = 17.11.35303.130
MinimumVisualStudioVersion = 10.0.40219.1
Project("{8BC9CEB8-8B4A-11D0-8D11-00A0C91BC942}") = "Sketcher", "Sketcher\Sketcher.vcxproj", "{50070418-A645-4CEF-B700-CC5C7273C4BE}"
EndProject
Project("{8BC9CEB8-8B4A-11D0-8D11-00A0C91BC942}") = "ToolBarUT", "..\ToolBarUT\ToolBarUT\ToolBarUT.vcxproj", "{12B5BE4C-AB78-42F1-88AA-F6319A79D5E1}"
EndProject
Global
	GlobalSection(SolutionConfigurationPlatforms) = preSolution
		Debug|x64 = Debug|x64
		Debug|x86 = Debug|x86
		Release|x64 = Release|x64
		Release|x86 = Release|x86
	EndGlobalSection
	GlobalSection(ProjectConfigurationPlatforms) = postSolution
		{50070418-A645-4CEF-B700-CC5C7273C4BE}.Debug|x64.ActiveCfg = Debug|x64
		{50070418-A645-4CEF-B700-CC5C7273C4BE}.Debug|x64.Build.0 = Debug|x64
		{50070418-A645-4CEF-B700-CC5C7273C4BE}.Debug|x86.ActiveCfg = Debug|Win32
		{50070418-A645-4CEF-B700-CC5C7273C4BE}.Debug|x86.Build.0 = Debug|Win32
		{50070418-A645-4CEF-B700-CC5C7273C4BE}.Release|x64.ActiveCfg = Release|x64
		{50070418-A645-4CEF-B700-CC5C7273C4BE}.Release|x64.Build.0 = Release|x64
		{50070418-A645-4CEF-B700-CC5C7273C4BE}.Release|x86.ActiveCfg = Release|Win32
		{50070418-A645-4CEF-B700-CC5C7273C4BE}.Release|x86.Build.0 = Release|Win32
		{12B5BE4C-AB78-42F1-88AA-F6319A79D5E1}.Debug|x64.ActiveCfg = Debug|x64
		{12B5BE4C-AB78-42F1-88AA-F6319A79D5E1}.Debug|x64.Build.0 = Debug|x64
		{12B5BE4C-AB78-42F1-88AA-F6319A79D5E1}.Debug|x86.ActiveCfg = Debug|Win32
		{12B5BE4C-AB78-42F1-88AA-F6319A79D5E1}.Debug|x86.Build.0 = Debug|Win32
		{12B5BE4C-AB78-42F1-88AA-F6319A79D5E1}.Release|x64.ActiveCfg = Release|x64
		{12B5BE4C-AB78-42F1-88AA-F6319A79D5E1}.Release|x64.Build.0 = Release|x64
		{12B5BE4C-AB78-42F1-88AA-F6319A79D5E1}.Release|x86.ActiveCfg = Release|Win32
		{12B5BE4C-AB78-42F1-88AA-F6319A79D5E1}.Release|x86.Build.0 = Release|Win32
	EndGlobalSection
	GlobalSection(SolutionProperties) = preSolution
		HideSolutionNode = FALSE
	EndGlobalSection
	GlobalSection(ExtensibilityGlobals) = postSolution
		SolutionGuid = {6D360220-4032-4F86-94FC-2F49C5EA1AAD}
	EndGlobalSection
EndGlobal
